{
  "version": "5",
  "specifiers": {
    "jsr:@deno/esbuild-plugin@^1.2.0": "1.2.0",
    "jsr:@deno/loader@~0.3.3": "0.3.6",
    "jsr:@fresh/build-id@1": "1.0.1",
    "jsr:@fresh/core@^2.1.2": "2.1.2",
    "jsr:@fresh/plugin-tailwind@1": "1.0.0",
    "jsr:@std/bytes@^1.0.6": "1.0.6",
    "jsr:@std/encoding@1": "1.0.10",
    "jsr:@std/encoding@^1.0.10": "1.0.10",
    "jsr:@std/fmt@^1.0.8": "1.0.8",
    "jsr:@std/fs@1": "1.0.19",
    "jsr:@std/html@1": "1.0.5",
    "jsr:@std/http@^1.0.15": "1.0.21",
    "jsr:@std/internal@^1.0.10": "1.0.12",
    "jsr:@std/jsonc@1": "1.0.2",
    "jsr:@std/media-types@1": "1.1.0",
    "jsr:@std/path@1": "1.1.2",
    "jsr:@std/path@^1.1.1": "1.1.2",
    "jsr:@std/semver@1": "1.0.6",
    "jsr:@std/uuid@^1.0.7": "1.0.9",
    "npm:@opentelemetry/api@^1.9.0": "1.9.0",
    "npm:@preact/signals@^2.3.2": "2.3.2_preact@10.27.2",
    "npm:@tailwindcss/postcss@^4.1.10": "4.1.14",
    "npm:@types/node@*": "22.15.15",
    "npm:esbuild-wasm@0.25.7": "0.25.7",
    "npm:esbuild@0.25.7": "0.25.7",
    "npm:postcss@8.5.6": "8.5.6",
    "npm:preact-render-to-string@^6.5.11": "6.6.2_preact@10.27.2",
    "npm:preact@^10.27.0": "10.27.2",
    "npm:preact@^10.27.2": "10.27.2",
    "npm:tailwindcss@4.1.14": "4.1.14"
  },
  "jsr": {
    "@deno/esbuild-plugin@1.2.0": {
      "integrity": "04ddd0fca9416d8a2866263928a53b9d5ed08dfca064d64504a0aaf9800c709e",
      "dependencies": [
        "jsr:@deno/loader",
        "jsr:@std/path@^1.1.1"
      ]
    },
    "@deno/loader@0.3.6": {
      "integrity": "98f08d837c18ece5ba15122264fb29580967407c34e6552e152b8f453a60c2be"
    },
    "@fresh/build-id@1.0.1": {
      "integrity": "12a2ec25fd52ae9ec68c26848a5696cd1c9b537f7c983c7e56e4fb1e7e816c20",
      "dependencies": [
        "jsr:@std/encoding@^1.0.10"
      ]
    },
    "@fresh/core@2.1.2": {
      "integrity": "ffa92d2306e39136cab53f51b6bb25391c9eea3d5fa989382003e4579101ca78",
      "dependencies": [
        "jsr:@deno/esbuild-plugin",
        "jsr:@fresh/build-id",
        "jsr:@std/encoding@1",
        "jsr:@std/fmt",
        "jsr:@std/fs",
        "jsr:@std/html",
        "jsr:@std/http",
        "jsr:@std/jsonc",
        "jsr:@std/media-types",
        "jsr:@std/path@1",
        "jsr:@std/semver",
        "jsr:@std/uuid",
        "npm:@opentelemetry/api",
        "npm:esbuild",
        "npm:esbuild-wasm",
        "npm:preact-render-to-string",
        "npm:preact@^10.27.0"
      ]
    },
    "@fresh/plugin-tailwind@1.0.0": {
      "integrity": "3bb3598fb0422392d52ad017285f1d702f1d7b3bddd4028f9da90c0c3baebf37",
      "dependencies": [
        "npm:@tailwindcss/postcss",
        "npm:postcss"
      ]
    },
    "@std/bytes@1.0.6": {
      "integrity": "f6ac6adbd8ccd99314045f5703e23af0a68d7f7e58364b47d2c7f408aeb5820a"
    },
    "@std/encoding@1.0.10": {
      "integrity": "8783c6384a2d13abd5e9e87a7ae0520a30e9f56aeeaa3bdf910a3eaaf5c811a1"
    },
    "@std/fmt@1.0.8": {
      "integrity": "71e1fc498787e4434d213647a6e43e794af4fd393ef8f52062246e06f7e372b7"
    },
    "@std/fs@1.0.19": {
      "integrity": "051968c2b1eae4d2ea9f79a08a3845740ef6af10356aff43d3e2ef11ed09fb06",
      "dependencies": [
        "jsr:@std/path@^1.1.1"
      ]
    },
    "@std/html@1.0.5": {
      "integrity": "4e2d693f474cae8c16a920fa5e15a3b72267b94b84667f11a50c6dd1cb18d35e"
    },
    "@std/http@1.0.21": {
      "integrity": "abb5c747651ee6e3ea6139858fd9b1810d2c97f53a5e6722f3b6d27a6d263edc",
      "dependencies": [
        "jsr:@std/encoding@^1.0.10"
      ]
    },
    "@std/internal@1.0.12": {
      "integrity": "972a634fd5bc34b242024402972cd5143eac68d8dffaca5eaa4dba30ce17b027"
    },
    "@std/jsonc@1.0.2": {
      "integrity": "909605dae3af22bd75b1cbda8d64a32cf1fd2cf6efa3f9e224aba6d22c0f44c7"
    },
    "@std/media-types@1.1.0": {
      "integrity": "c9d093f0c05c3512932b330e3cc1fe1d627b301db33a4c2c2185c02471d6eaa4"
    },
    "@std/path@1.1.2": {
      "integrity": "c0b13b97dfe06546d5e16bf3966b1cadf92e1cc83e56ba5476ad8b498d9e3038",
      "dependencies": [
        "jsr:@std/internal"
      ]
    },
    "@std/semver@1.0.6": {
      "integrity": "b7c98ae2843547cf3f7ac37f3995889e6e4cee0a97b57b57f17f62722843303c"
    },
    "@std/uuid@1.0.9": {
      "integrity": "44b627bf2d372fe1bd099e2ad41b2be41a777fc94e62a3151006895a037f1642",
      "dependencies": [
        "jsr:@std/bytes"
      ]
    }
  },
  "npm": {
    "@alloc/quick-lru@5.2.0": {
      "integrity": "sha512-UrcABB+4bUrFABwbluTIBErXwvbsU/V7TZWfmbgJfbkwiBuziS9gxdODUyuiecfdGQ85jglMW6juS3+z5TsKLw=="
    },
    "@esbuild/aix-ppc64@0.25.7": {
      "integrity": "sha512-uD0kKFHh6ETr8TqEtaAcV+dn/2qnYbH/+8wGEdY70Qf7l1l/jmBUbrmQqwiPKAQE6cOQ7dTj6Xr0HzQDGHyceQ==",
      "os": ["aix"],
      "cpu": ["ppc64"]
    },
    "@esbuild/android-arm64@0.25.7": {
      "integrity": "sha512-p0ohDnwyIbAtztHTNUTzN5EGD/HJLs1bwysrOPgSdlIA6NDnReoVfoCyxG6W1d85jr2X80Uq5KHftyYgaK9LPQ==",
      "os": ["android"],
      "cpu": ["arm64"]
    },
    "@esbuild/android-arm@0.25.7": {
      "integrity": "sha512-Jhuet0g1k9rAJHrXGIh7sFknFuT4sfytYZpZpuZl7YKDhnPByVAm5oy2LEBmMbuYf3ejWVYCc2seX81Mk+madA==",
      "os": ["android"],
      "cpu": ["arm"]
    },
    "@esbuild/android-x64@0.25.7": {
      "integrity": "sha512-mMxIJFlSgVK23HSsII3ZX9T2xKrBCDGyk0qiZnIW10LLFFtZLkFD6imZHu7gUo2wkNZwS9Yj3mOtZD3ZPcjCcw==",
      "os": ["android"],
      "cpu": ["x64"]
    },
    "@esbuild/darwin-arm64@0.25.7": {
      "integrity": "sha512-jyOFLGP2WwRwxM8F1VpP6gcdIJc8jq2CUrURbbTouJoRO7XCkU8GdnTDFIHdcifVBT45cJlOYsZ1kSlfbKjYUQ==",
      "os": ["darwin"],
      "cpu": ["arm64"]
    },
    "@esbuild/darwin-x64@0.25.7": {
      "integrity": "sha512-m9bVWqZCwQ1BthruifvG64hG03zzz9gE2r/vYAhztBna1/+qXiHyP9WgnyZqHgGeXoimJPhAmxfbeU+nMng6ZA==",
      "os": ["darwin"],
      "cpu": ["x64"]
    },
    "@esbuild/freebsd-arm64@0.25.7": {
      "integrity": "sha512-Bss7P4r6uhr3kDzRjPNEnTm/oIBdTPRNQuwaEFWT/uvt6A1YzK/yn5kcx5ZxZ9swOga7LqeYlu7bDIpDoS01bA==",
      "os": ["freebsd"],
      "cpu": ["arm64"]
    },
    "@esbuild/freebsd-x64@0.25.7": {
      "integrity": "sha512-S3BFyjW81LXG7Vqmr37ddbThrm3A84yE7ey/ERBlK9dIiaWgrjRlre3pbG7txh1Uaxz8N7wGGQXmC9zV+LIpBQ==",
      "os": ["freebsd"],
      "cpu": ["x64"]
    },
    "@esbuild/linux-arm64@0.25.7": {
      "integrity": "sha512-HfQZQqrNOfS1Okn7PcsGUqHymL1cWGBslf78dGvtrj8q7cN3FkapFgNA4l/a5lXDwr7BqP2BSO6mz9UremNPbg==",
      "os": ["linux"],
      "cpu": ["arm64"]
    },
    "@esbuild/linux-arm@0.25.7": {
      "integrity": "sha512-JZMIci/1m5vfQuhKoFXogCKVYVfYQmoZJg8vSIMR4TUXbF+0aNlfXH3DGFEFMElT8hOTUF5hisdZhnrZO/bkDw==",
      "os": ["linux"],
      "cpu": ["arm"]
    },
    "@esbuild/linux-ia32@0.25.7": {
      "integrity": "sha512-9Jex4uVpdeofiDxnwHRgen+j6398JlX4/6SCbbEFEXN7oMO2p0ueLN+e+9DdsdPLUdqns607HmzEFnxwr7+5wQ==",
      "os": ["linux"],
      "cpu": ["ia32"]
    },
    "@esbuild/linux-loong64@0.25.7": {
      "integrity": "sha512-TG1KJqjBlN9IHQjKVUYDB0/mUGgokfhhatlay8aZ/MSORMubEvj/J1CL8YGY4EBcln4z7rKFbsH+HeAv0d471w==",
      "os": ["linux"],
      "cpu": ["loong64"]
    },
    "@esbuild/linux-mips64el@0.25.7": {
      "integrity": "sha512-Ty9Hj/lx7ikTnhOfaP7ipEm/ICcBv94i/6/WDg0OZ3BPBHhChsUbQancoWYSO0WNkEiSW5Do4febTTy4x1qYQQ==",
      "os": ["linux"],
      "cpu": ["mips64el"]
    },
    "@esbuild/linux-ppc64@0.25.7": {
      "integrity": "sha512-MrOjirGQWGReJl3BNQ58BLhUBPpWABnKrnq8Q/vZWWwAB1wuLXOIxS2JQ1LT3+5T+3jfPh0tyf5CpbyQHqnWIQ==",
      "os": ["linux"],
      "cpu": ["ppc64"]
    },
    "@esbuild/linux-riscv64@0.25.7": {
      "integrity": "sha512-9pr23/pqzyqIZEZmQXnFyqp3vpa+KBk5TotfkzGMqpw089PGm0AIowkUppHB9derQzqniGn3wVXgck19+oqiOw==",
      "os": ["linux"],
      "cpu": ["riscv64"]
    },
    "@esbuild/linux-s390x@0.25.7": {
      "integrity": "sha512-4dP11UVGh9O6Y47m8YvW8eoA3r8qL2toVZUbBKyGta8j6zdw1cn9F/Rt59/Mhv0OgY68pHIMjGXWOUaykCnx+w==",
      "os": ["linux"],
      "cpu": ["s390x"]
    },
    "@esbuild/linux-x64@0.25.7": {
      "integrity": "sha512-ghJMAJTdw/0uhz7e7YnpdX1xVn7VqA0GrWrAO2qKMuqbvgHT2VZiBv1BQ//VcHsPir4wsL3P2oPggfKPzTKoCA==",
      "os": ["linux"],
      "cpu": ["x64"]
    },
    "@esbuild/netbsd-arm64@0.25.7": {
      "integrity": "sha512-bwXGEU4ua45+u5Ci/a55B85KWaDSRS8NPOHtxy2e3etDjbz23wlry37Ffzapz69JAGGc4089TBo+dGzydQmydg==",
      "os": ["netbsd"],
      "cpu": ["arm64"]
    },
    "@esbuild/netbsd-x64@0.25.7": {
      "integrity": "sha512-tUZRvLtgLE5OyN46sPSYlgmHoBS5bx2URSrgZdW1L1teWPYVmXh+QN/sKDqkzBo/IHGcKcHLKDhBeVVkO7teEA==",
      "os": ["netbsd"],
      "cpu": ["x64"]
    },
    "@esbuild/openbsd-arm64@0.25.7": {
      "integrity": "sha512-bTJ50aoC+WDlDGBReWYiObpYvQfMjBNlKztqoNUL0iUkYtwLkBQQeEsTq/I1KyjsKA5tyov6VZaPb8UdD6ci6Q==",
      "os": ["openbsd"],
      "cpu": ["arm64"]
    },
    "@esbuild/openbsd-x64@0.25.7": {
      "integrity": "sha512-TA9XfJrgzAipFUU895jd9j2SyDh9bbNkK2I0gHcvqb/o84UeQkBpi/XmYX3cO1q/9hZokdcDqQxIi6uLVrikxg==",
      "os": ["openbsd"],
      "cpu": ["x64"]
    },
    "@esbuild/openharmony-arm64@0.25.7": {
      "integrity": "sha512-5VTtExUrWwHHEUZ/N+rPlHDwVFQ5aME7vRJES8+iQ0xC/bMYckfJ0l2n3yGIfRoXcK/wq4oXSItZAz5wslTKGw==",
      "os": ["openharmony"],
      "cpu": ["arm64"]
    },
    "@esbuild/sunos-x64@0.25.7": {
      "integrity": "sha512-umkbn7KTxsexhv2vuuJmj9kggd4AEtL32KodkJgfhNOHMPtQ55RexsaSrMb+0+jp9XL4I4o2y91PZauVN4cH3A==",
      "os": ["sunos"],
      "cpu": ["x64"]
    },
    "@esbuild/win32-arm64@0.25.7": {
      "integrity": "sha512-j20JQGP/gz8QDgzl5No5Gr4F6hurAZvtkFxAKhiv2X49yi/ih8ECK4Y35YnjlMogSKJk931iNMcd35BtZ4ghfw==",
      "os": ["win32"],
      "cpu": ["arm64"]
    },
    "@esbuild/win32-ia32@0.25.7": {
      "integrity": "sha512-4qZ6NUfoiiKZfLAXRsvFkA0hoWVM+1y2bSHXHkpdLAs/+r0LgwqYohmfZCi985c6JWHhiXP30mgZawn/XrqAkQ==",
      "os": ["win32"],
      "cpu": ["ia32"]
    },
    "@esbuild/win32-x64@0.25.7": {
      "integrity": "sha512-FaPsAHTwm+1Gfvn37Eg3E5HIpfR3i6x1AIcla/MkqAIupD4BW3MrSeUqfoTzwwJhk3WE2/KqUn4/eenEJC76VA==",
      "os": ["win32"],
      "cpu": ["x64"]
    },
    "@isaacs/fs-minipass@4.0.1": {
      "integrity": "sha512-wgm9Ehl2jpeqP3zw/7mo3kRHFp5MEDhqAdwy1fTGkHAwnkGOVsgpvQhL8B5n1qlb01jV3n/bI0ZfZp5lWA1k4w==",
      "dependencies": [
        "minipass"
      ]
    },
    "@jridgewell/gen-mapping@0.3.13": {
      "integrity": "sha512-2kkt/7niJ6MgEPxF0bYdQ6etZaA+fQvDcLKckhy1yIQOzaoKjBBjSj63/aLVjYE3qhRt5dvM+uUyfCg6UKCBbA==",
      "dependencies": [
        "@jridgewell/sourcemap-codec",
        "@jridgewell/trace-mapping"
      ]
    },
    "@jridgewell/remapping@2.3.5": {
      "integrity": "sha512-LI9u/+laYG4Ds1TDKSJW2YPrIlcVYOwi2fUC6xB43lueCjgxV4lffOCZCtYFiH6TNOX+tQKXx97T4IKHbhyHEQ==",
      "dependencies": [
        "@jridgewell/gen-mapping",
        "@jridgewell/trace-mapping"
      ]
    },
    "@jridgewell/resolve-uri@3.1.2": {
      "integrity": "sha512-bRISgCIjP20/tbWSPWMEi54QVPRZExkuD9lJL+UIxUKtwVJA8wW1Trb1jMs1RFXo1CBTNZ/5hpC9QvmKWdopKw=="
    },
    "@jridgewell/sourcemap-codec@1.5.5": {
      "integrity": "sha512-cYQ9310grqxueWbl+WuIUIaiUaDcj7WOq5fVhEljNVgRfOUhY9fy2zTvfoqWsnebh8Sl70VScFbICvJnLKB0Og=="
    },
    "@jridgewell/trace-mapping@0.3.31": {
      "integrity": "sha512-zzNR+SdQSDJzc8joaeP8QQoCQr8NuYx2dIIytl1QeBEZHJ9uW6hebsrYgbz8hJwUQao3TWCMtmfV8Nu1twOLAw==",
      "dependencies": [
        "@jridgewell/resolve-uri",
        "@jridgewell/sourcemap-codec"
      ]
    },
    "@opentelemetry/api@1.9.0": {
      "integrity": "sha512-3giAOQvZiH5F9bMlMiv8+GSPMeqg0dbaeo58/0SlA9sxSqZhnUtxzX9/2FzyhS9sWQf5S0GJE0AKBrFqjpeYcg=="
    },
    "@preact/signals-core@1.12.1": {
      "integrity": "sha512-BwbTXpj+9QutoZLQvbttRg5x3l5468qaV2kufh+51yha1c53ep5dY4kTuZR35+3pAZxpfQerGJiQqg34ZNZ6uA=="
    },
    "@preact/signals@2.3.2_preact@10.27.2": {
      "integrity": "sha512-Q22avIn4z0BQnmFeo6Y5HCnJTo8VufN84zN51OtqeNgZOVCYgdwEOcJKVX1x/IrjRVxUnOy6Ubn7H5aVFujXaQ==",
      "dependencies": [
        "@preact/signals-core",
        "preact"
      ]
    },
    "@tailwindcss/node@4.1.14": {
      "integrity": "sha512-hpz+8vFk3Ic2xssIA3e01R6jkmsAhvkQdXlEbRTk6S10xDAtiQiM3FyvZVGsucefq764euO/b8WUW9ysLdThHw==",
      "dependencies": [
        "@jridgewell/remapping",
        "enhanced-resolve",
        "jiti",
        "lightningcss",
        "magic-string",
        "source-map-js",
        "tailwindcss"
      ]
    },
    "@tailwindcss/oxide-android-arm64@4.1.14": {
      "integrity": "sha512-a94ifZrGwMvbdeAxWoSuGcIl6/DOP5cdxagid7xJv6bwFp3oebp7y2ImYsnZBMTwjn5Ev5xESvS3FFYUGgPODQ==",
      "os": ["android"],
      "cpu": ["arm64"]
    },
    "@tailwindcss/oxide-darwin-arm64@4.1.14": {
      "integrity": "sha512-HkFP/CqfSh09xCnrPJA7jud7hij5ahKyWomrC3oiO2U9i0UjP17o9pJbxUN0IJ471GTQQmzwhp0DEcpbp4MZTA==",
      "os": ["darwin"],
      "cpu": ["arm64"]
    },
    "@tailwindcss/oxide-darwin-x64@4.1.14": {
      "integrity": "sha512-eVNaWmCgdLf5iv6Qd3s7JI5SEFBFRtfm6W0mphJYXgvnDEAZ5sZzqmI06bK6xo0IErDHdTA5/t7d4eTfWbWOFw==",
      "os": ["darwin"],
      "cpu": ["x64"]
    },
    "@tailwindcss/oxide-freebsd-x64@4.1.14": {
      "integrity": "sha512-QWLoRXNikEuqtNb0dhQN6wsSVVjX6dmUFzuuiL09ZeXju25dsei2uIPl71y2Ic6QbNBsB4scwBoFnlBfabHkEw==",
      "os": ["freebsd"],
      "cpu": ["x64"]
    },
    "@tailwindcss/oxide-linux-arm-gnueabihf@4.1.14": {
      "integrity": "sha512-VB4gjQni9+F0VCASU+L8zSIyjrLLsy03sjcR3bM0V2g4SNamo0FakZFKyUQ96ZVwGK4CaJsc9zd/obQy74o0Fw==",
      "os": ["linux"],
      "cpu": ["arm"]
    },
    "@tailwindcss/oxide-linux-arm64-gnu@4.1.14": {
      "integrity": "sha512-qaEy0dIZ6d9vyLnmeg24yzA8XuEAD9WjpM5nIM1sUgQ/Zv7cVkharPDQcmm/t/TvXoKo/0knI3me3AGfdx6w1w==",
      "os": ["linux"],
      "cpu": ["arm64"]
    },
    "@tailwindcss/oxide-linux-arm64-musl@4.1.14": {
      "integrity": "sha512-ISZjT44s59O8xKsPEIesiIydMG/sCXoMBCqsphDm/WcbnuWLxxb+GcvSIIA5NjUw6F8Tex7s5/LM2yDy8RqYBQ==",
      "os": ["linux"],
      "cpu": ["arm64"]
    },
    "@tailwindcss/oxide-linux-x64-gnu@4.1.14": {
      "integrity": "sha512-02c6JhLPJj10L2caH4U0zF8Hji4dOeahmuMl23stk0MU1wfd1OraE7rOloidSF8W5JTHkFdVo/O7uRUJJnUAJg==",
      "os": ["linux"],
      "cpu": ["x64"]
    },
    "@tailwindcss/oxide-linux-x64-musl@4.1.14": {
      "integrity": "sha512-TNGeLiN1XS66kQhxHG/7wMeQDOoL0S33x9BgmydbrWAb9Qw0KYdd8o1ifx4HOGDWhVmJ+Ul+JQ7lyknQFilO3Q==",
      "os": ["linux"],
      "cpu": ["x64"]
    },
    "@tailwindcss/oxide-wasm32-wasi@4.1.14": {
      "integrity": "sha512-uZYAsaW/jS/IYkd6EWPJKW/NlPNSkWkBlaeVBi/WsFQNP05/bzkebUL8FH1pdsqx4f2fH/bWFcUABOM9nfiJkQ==",
      "cpu": ["wasm32"]
    },
    "@tailwindcss/oxide-win32-arm64-msvc@4.1.14": {
      "integrity": "sha512-Az0RnnkcvRqsuoLH2Z4n3JfAef0wElgzHD5Aky/e+0tBUxUhIeIqFBTMNQvmMRSP15fWwmvjBxZ3Q8RhsDnxAA==",
      "os": ["win32"],
      "cpu": ["arm64"]
    },
    "@tailwindcss/oxide-win32-x64-msvc@4.1.14": {
      "integrity": "sha512-ttblVGHgf68kEE4om1n/n44I0yGPkCPbLsqzjvybhpwa6mKKtgFfAzy6btc3HRmuW7nHe0OOrSeNP9sQmmH9XA==",
      "os": ["win32"],
      "cpu": ["x64"]
    },
    "@tailwindcss/oxide@4.1.14": {
      "integrity": "sha512-23yx+VUbBwCg2x5XWdB8+1lkPajzLmALEfMb51zZUBYaYVPDQvBSD/WYDqiVyBIo2BZFa3yw1Rpy3G2Jp+K0dw==",
      "dependencies": [
        "detect-libc",
        "tar"
      ],
      "optionalDependencies": [
        "@tailwindcss/oxide-android-arm64",
        "@tailwindcss/oxide-darwin-arm64",
        "@tailwindcss/oxide-darwin-x64",
        "@tailwindcss/oxide-freebsd-x64",
        "@tailwindcss/oxide-linux-arm-gnueabihf",
        "@tailwindcss/oxide-linux-arm64-gnu",
        "@tailwindcss/oxide-linux-arm64-musl",
        "@tailwindcss/oxide-linux-x64-gnu",
        "@tailwindcss/oxide-linux-x64-musl",
        "@tailwindcss/oxide-wasm32-wasi",
        "@tailwindcss/oxide-win32-arm64-msvc",
        "@tailwindcss/oxide-win32-x64-msvc"
      ],
      "scripts": true
    },
    "@tailwindcss/postcss@4.1.14": {
      "integrity": "sha512-BdMjIxy7HUNThK87C7BC8I1rE8BVUsfNQSI5siQ4JK3iIa3w0XyVvVL9SXLWO//CtYTcp1v7zci0fYwJOjB+Zg==",
      "dependencies": [
        "@alloc/quick-lru",
        "@tailwindcss/node",
        "@tailwindcss/oxide",
        "postcss",
        "tailwindcss"
      ]
    },
    "@types/node@22.15.15": {
      "integrity": "sha512-R5muMcZob3/Jjchn5LcO8jdKwSCbzqmPB6ruBxMcf9kbxtniZHP327s6C37iOfuw8mbKK3cAQa7sEl7afLrQ8A==",
      "dependencies": [
        "undici-types"
      ]
    },
    "chownr@3.0.0": {
      "integrity": "sha512-+IxzY9BZOQd/XuYPRmrvEVjF/nqj5kgT4kEq7VofrDoM1MxoRjEWkrCC3EtLi59TVawxTAn+orJwFQcrqEN1+g=="
    },
    "detect-libc@2.1.2": {
      "integrity": "sha512-Btj2BOOO83o3WyH59e8MgXsxEQVcarkUOpEYrubB0urwnN10yQ364rsiByU11nZlqWYZm05i/of7io4mzihBtQ=="
    },
    "enhanced-resolve@5.18.3": {
      "integrity": "sha512-d4lC8xfavMeBjzGr2vECC3fsGXziXZQyJxD868h2M/mBI3PwAuODxAkLkq5HYuvrPYcUtiLzsTo8U3PgX3Ocww==",
      "dependencies": [
        "graceful-fs",
        "tapable"
      ]
    },
    "esbuild-wasm@0.25.7": {
      "integrity": "sha512-x3t1BlU59YOMtpwzayHxF4LPVujOvNKqm7y6jPvFKC13J8FmJRCdHPJwHq86er7ik+f7uwGcMbe+6KVzLGmsGw==",
      "bin": true
    },
    "esbuild@0.25.7": {
      "integrity": "sha512-daJB0q2dmTzo90L9NjRaohhRWrCzYxWNFTjEi72/h+p5DcY3yn4MacWfDakHmaBaDzDiuLJsCh0+6LK/iX+c+Q==",
      "optionalDependencies": [
        "@esbuild/aix-ppc64",
        "@esbuild/android-arm",
        "@esbuild/android-arm64",
        "@esbuild/android-x64",
        "@esbuild/darwin-arm64",
        "@esbuild/darwin-x64",
        "@esbuild/freebsd-arm64",
        "@esbuild/freebsd-x64",
        "@esbuild/linux-arm",
        "@esbuild/linux-arm64",
        "@esbuild/linux-ia32",
        "@esbuild/linux-loong64",
        "@esbuild/linux-mips64el",
        "@esbuild/linux-ppc64",
        "@esbuild/linux-riscv64",
        "@esbuild/linux-s390x",
        "@esbuild/linux-x64",
        "@esbuild/netbsd-arm64",
        "@esbuild/netbsd-x64",
        "@esbuild/openbsd-arm64",
        "@esbuild/openbsd-x64",
        "@esbuild/openharmony-arm64",
        "@esbuild/sunos-x64",
        "@esbuild/win32-arm64",
        "@esbuild/win32-ia32",
        "@esbuild/win32-x64"
      ],
      "scripts": true,
      "bin": true
    },
    "graceful-fs@4.2.11": {
      "integrity": "sha512-RbJ5/jmFcNNCcDV5o9eTnBLJ/HszWV0P73bc+Ff4nS/rJj+YaS6IGyiOL0VoBYX+l1Wrl3k63h/KrH+nhJ0XvQ=="
    },
    "jiti@2.6.1": {
      "integrity": "sha512-ekilCSN1jwRvIbgeg/57YFh8qQDNbwDb9xT/qu2DAHbFFZUicIl4ygVaAvzveMhMVr3LnpSKTNnwt8PoOfmKhQ==",
      "bin": true
    },
    "lightningcss-darwin-arm64@1.30.1": {
      "integrity": "sha512-c8JK7hyE65X1MHMN+Viq9n11RRC7hgin3HhYKhrMyaXflk5GVplZ60IxyoVtzILeKr+xAJwg6zK6sjTBJ0FKYQ==",
      "os": ["darwin"],
      "cpu": ["arm64"]
    },
    "lightningcss-darwin-x64@1.30.1": {
      "integrity": "sha512-k1EvjakfumAQoTfcXUcHQZhSpLlkAuEkdMBsI/ivWw9hL+7FtilQc0Cy3hrx0AAQrVtQAbMI7YjCgYgvn37PzA==",
      "os": ["darwin"],
      "cpu": ["x64"]
    },
    "lightningcss-freebsd-x64@1.30.1": {
      "integrity": "sha512-kmW6UGCGg2PcyUE59K5r0kWfKPAVy4SltVeut+umLCFoJ53RdCUWxcRDzO1eTaxf/7Q2H7LTquFHPL5R+Gjyig==",
      "os": ["freebsd"],
      "cpu": ["x64"]
    },
    "lightningcss-linux-arm-gnueabihf@1.30.1": {
      "integrity": "sha512-MjxUShl1v8pit+6D/zSPq9S9dQ2NPFSQwGvxBCYaBYLPlCWuPh9/t1MRS8iUaR8i+a6w7aps+B4N0S1TYP/R+Q==",
      "os": ["linux"],
      "cpu": ["arm"]
    },
    "lightningcss-linux-arm64-gnu@1.30.1": {
      "integrity": "sha512-gB72maP8rmrKsnKYy8XUuXi/4OctJiuQjcuqWNlJQ6jZiWqtPvqFziskH3hnajfvKB27ynbVCucKSm2rkQp4Bw==",
      "os": ["linux"],
      "cpu": ["arm64"]
    },
    "lightningcss-linux-arm64-musl@1.30.1": {
      "integrity": "sha512-jmUQVx4331m6LIX+0wUhBbmMX7TCfjF5FoOH6SD1CttzuYlGNVpA7QnrmLxrsub43ClTINfGSYyHe2HWeLl5CQ==",
      "os": ["linux"],
      "cpu": ["arm64"]
    },
    "lightningcss-linux-x64-gnu@1.30.1": {
      "integrity": "sha512-piWx3z4wN8J8z3+O5kO74+yr6ze/dKmPnI7vLqfSqI8bccaTGY5xiSGVIJBDd5K5BHlvVLpUB3S2YCfelyJ1bw==",
      "os": ["linux"],
      "cpu": ["x64"]
    },
    "lightningcss-linux-x64-musl@1.30.1": {
      "integrity": "sha512-rRomAK7eIkL+tHY0YPxbc5Dra2gXlI63HL+v1Pdi1a3sC+tJTcFrHX+E86sulgAXeI7rSzDYhPSeHHjqFhqfeQ==",
      "os": ["linux"],
      "cpu": ["x64"]
    },
    "lightningcss-win32-arm64-msvc@1.30.1": {
      "integrity": "sha512-mSL4rqPi4iXq5YVqzSsJgMVFENoa4nGTT/GjO2c0Yl9OuQfPsIfncvLrEW6RbbB24WtZ3xP/2CCmI3tNkNV4oA==",
      "os": ["win32"],
      "cpu": ["arm64"]
    },
    "lightningcss-win32-x64-msvc@1.30.1": {
      "integrity": "sha512-PVqXh48wh4T53F/1CCu8PIPCxLzWyCnn/9T5W1Jpmdy5h9Cwd+0YQS6/LwhHXSafuc61/xg9Lv5OrCby6a++jg==",
      "os": ["win32"],
      "cpu": ["x64"]
    },
    "lightningcss@1.30.1": {
      "integrity": "sha512-xi6IyHML+c9+Q3W0S4fCQJOym42pyurFiJUHEcEyHS0CeKzia4yZDEsLlqOFykxOdHpNy0NmvVO31vcSqAxJCg==",
      "dependencies": [
        "detect-libc"
      ],
      "optionalDependencies": [
        "lightningcss-darwin-arm64",
        "lightningcss-darwin-x64",
        "lightningcss-freebsd-x64",
        "lightningcss-linux-arm-gnueabihf",
        "lightningcss-linux-arm64-gnu",
        "lightningcss-linux-arm64-musl",
        "lightningcss-linux-x64-gnu",
        "lightningcss-linux-x64-musl",
        "lightningcss-win32-arm64-msvc",
        "lightningcss-win32-x64-msvc"
      ]
    },
    "magic-string@0.30.19": {
      "integrity": "sha512-2N21sPY9Ws53PZvsEpVtNuSW+ScYbQdp4b9qUaL+9QkHUrGFKo56Lg9Emg5s9V/qrtNBmiR01sYhUOwu3H+VOw==",
      "dependencies": [
        "@jridgewell/sourcemap-codec"
      ]
    },
    "minipass@7.1.2": {
      "integrity": "sha512-qOOzS1cBTWYF4BH8fVePDBOO9iptMnGUEZwNc/cMWnTV2nVLZ7VoNWEPHkYczZA0pdoA7dl6e7FL659nX9S2aw=="
    },
    "minizlib@3.1.0": {
      "integrity": "sha512-KZxYo1BUkWD2TVFLr0MQoM8vUUigWD3LlD83a/75BqC+4qE0Hb1Vo5v1FgcfaNXvfXzr+5EhQ6ing/CaBijTlw==",
      "dependencies": [
        "minipass"
      ]
    },
    "nanoid@3.3.11": {
      "integrity": "sha512-N8SpfPUnUp1bK+PMYW8qSWdl9U+wwNWI4QKxOYDy9JAro3WMX7p2OeVRF9v+347pnakNevPmiHhNmZ2HbFA76w==",
      "bin": true
    },
    "picocolors@1.1.1": {
      "integrity": "sha512-xceH2snhtb5M9liqDsmEw56le376mTZkEX/jEb/RxNFyegNul7eNslCXP9FDj/Lcu0X8KEyMceP2ntpaHrDEVA=="
    },
    "postcss@8.5.6": {
      "integrity": "sha512-3Ybi1tAuwAP9s0r1UQ2J4n5Y0G05bJkpUIO0/bI9MhwmD70S5aTWbXGBwxHrelT+XM1k6dM0pk+SwNkpTRN7Pg==",
      "dependencies": [
        "nanoid",
        "picocolors",
        "source-map-js"
      ]
    },
    "preact-render-to-string@6.6.2_preact@10.27.2": {
      "integrity": "sha512-VJ++Pkzv6+ZOmeN/9Qvx0mRdXqnei1Lo3uu9bGvYHhoMI1VUkDT44hcpGbiokl/kuuYTayYa3yvmYTLZMplfMA==",
      "dependencies": [
        "preact"
      ]
    },
    "preact@10.27.2": {
      "integrity": "sha512-5SYSgFKSyhCbk6SrXyMpqjb5+MQBgfvEKE/OC+PujcY34sOpqtr+0AZQtPYx5IA6VxynQ7rUPCtKzyovpj9Bpg=="
    },
    "source-map-js@1.2.1": {
      "integrity": "sha512-UXWMKhLOwVKb728IUtQPXxfYU+usdybtUrK/8uGE8CQMvrhOpwvzDBwj0QhSL7MQc7vIsISBG8VQ8+IDQxpfQA=="
    },
    "tailwindcss@4.1.14": {
      "integrity": "sha512-b7pCxjGO98LnxVkKjaZSDeNuljC4ueKUddjENJOADtubtdo8llTaJy7HwBMeLNSSo2N5QIAgklslK1+Ir8r6CA=="
    },
    "tapable@2.3.0": {
      "integrity": "sha512-g9ljZiwki/LfxmQADO3dEY1CbpmXT5Hm2fJ+QaGKwSXUylMybePR7/67YW7jOrrvjEgL1Fmz5kzyAjWVWLlucg=="
    },
    "tar@7.5.1": {
      "integrity": "sha512-nlGpxf+hv0v7GkWBK2V9spgactGOp0qvfWRxUMjqHyzrt3SgwE48DIv/FhqPHJYLHpgW1opq3nERbz5Anq7n1g==",
      "dependencies": [
        "@isaacs/fs-minipass",
        "chownr",
        "minipass",
        "minizlib",
        "yallist"
      ]
    },
    "undici-types@6.21.0": {
      "integrity": "sha512-iwDZqg0QAGrg9Rav5H4n0M64c3mkR59cJ6wQp+7C4nI0gsmExaedaYLNO44eT4AtBBwjbTiGPMlt2Md0T9H9JQ=="
    },
    "yallist@5.0.0": {
      "integrity": "sha512-YgvUTfwqyc7UXVMrB+SImsVYSmTS8X/tSrtdNZMImM+n7+QTriRXyXim0mBrTXNeqzVF0KWGgHPeiyViFFrNDw=="
    }
  },
  "redirects": {
    "https://esm.sh/v135/@types/he@~1.2/index.d.ts": "https://esm.sh/v135/@types/he@1.2.3/index.d.ts",
    "https://esm.sh/v135/@types/katex@~0.16/index.d.ts": "https://esm.sh/v135/@types/katex@0.16.7/index.d.ts",
    "https://esm.sh/v135/@types/prismjs@^1/index.d.ts": "https://esm.sh/v135/@types/prismjs@1.26.5/index.d.ts",
    "https://esm.sh/v135/@types/sanitize-html@~2.11/index.d.ts": "https://esm.sh/v135/@types/sanitize-html@2.11.0/index.d.ts"
  },
  "remote": {
    "https://deno.land/std@0.211.0/dotenv/load.ts": "587b342f0f6a3df071331fe6ba1c823729ab68f7d53805809475e486dd4161d7",
    "https://deno.land/std@0.211.0/dotenv/mod.ts": "bcfa9c102d5ce6218ec0c4a69aa0fc1009fc309a85448f98a8debaa75866a3d7",
    "https://deno.land/std@0.211.0/dotenv/parse.ts": "ddcb04a8a7198918cfc52efbebb0d4fc51abfea913649912fcc1cf4c52bd81a2",
    "https://deno.land/std@0.211.0/dotenv/stringify.ts": "74521a8e907adffff19f132765902a8c51743e386107b91cc934bae154031e84",
    "https://deno.land/x/emoji@0.3.0/all.json": "f0553b660db5e44e71ca46f637a06c2ec94f34445a920fcf319858094a91f46b",
    "https://deno.land/x/emoji@0.3.0/emoji.ts": "ad21fa393b2b96fb5999f58dec18e13628cc5d11aa370c42a2f7cc8e135d43d8",
    "https://deno.land/x/emoji@0.3.0/mod.ts": "9ef5a2fca1a633f29747b6d3254afd19545cef586128a8213a1003ee2808186d",
    "https://deno.land/x/emoji@0.3.0/types.ts": "5897345f500088c719a35388c5b192bc5d93fc2c13e37d94eafa8ff3480edd17",
    "https://deno.land/x/emoji@0.3.0/unicode.ts": "ac8079e8e1da66ae9e601c1fdd0e7641120c2b07ca7bd2875e65fe23e16e6199",
    "https://deno.land/x/gfm@0.6.0/deps.ts": "3fd89fbfbdf79c35e494b0d25f83fc96e76fa6a25abfbddf950142745b9fec79",
    "https://deno.land/x/gfm@0.6.0/mod.ts": "c953d0fc8b9a0a9ab13e29499b3cb1adbe5b36c00225ff4f71d139a2994f7a90",
    "https://deno.land/x/gfm@0.6.0/style.js": "881973a0ed6a18cb73067692b8162411be65053f0e74eaa7dd5bf3bd0fe115d7",
    "https://deno.land/x/tabler_icons_tsx@0.0.6/tsx/adjustments.tsx": "ca47e07ace8b047d45c62d8b85cbffdf1b81506880cccb0b7d78b5c5c63df9b9",
    "https://deno.land/x/tabler_icons_tsx@0.0.6/tsx/brand-github.tsx": "3e7c2e085570ebe78bf72d7ba9ad77e6519930feff5f3b653c3ba5b29b1c863b",
    "https://deno.land/x/tabler_icons_tsx@0.0.6/tsx/clear-all.tsx": "84b4a405899e204853ce6d9ca45519776ae7da7fd1fc9f8d1e3a18fb501814f0",
    "https://deno.land/x/tabler_icons_tsx@0.0.6/tsx/external-link.tsx": "03a53183c1128cce202a800add2dd3a384998fa4015426baadb968ca193eb8b2",
    "https://deno.land/x/tabler_icons_tsx@0.0.6/tsx/mail.tsx": "0304a2069ad90e05f9290737657d02213dbce267e64479b176fc84fafaeb96bc",
    "https://deno.land/x/tabler_icons_tsx@0.0.6/tsx/moon.tsx": "627b1eab724c7a0540d2c0689986adc37ab2cfdff10507d5a6a7e9344bde4630",
    "https://deno.land/x/tabler_icons_tsx@0.0.6/tsx/sun.tsx": "9bd394f94227179a9585a44220ca0b7c6191d03c943b7c1fcf375aaf09f6f82a",
    "https://deno.land/x/tabler_icons_tsx@0.0.6/tsx/x.tsx": "ff5d1f1ba8bd644f00e02847d4905e09e0942f579696a7e5b0b05a499f6abb37",
    "https://esm.sh/github-slugger@2.0.0?pin=v135": "77bdab3e2528daadc9b63f7c9615e85d4630a3e174aa94f48d207f3fd71d02c9",
    "https://esm.sh/he@1.2.0?pin=v135": "388a449d0b163506f1a5ed1b9fe178c29433c9a3af5b2465c92ec4adb0f35792",
    "https://esm.sh/katex@0.16.9?pin=v135": "8f08d265028ee6f2fb3ddde2e9930cfb0b744825c6294a61cf0f574f7e49bc95",
    "https://esm.sh/marked-alert@2.0.1?pin=v135": "132030351f87a7e1ff04a68cb49f933d541cde32544b6e3e4078154bca73190a",
    "https://esm.sh/marked-footnote@1.2.2?pin=v135": "696b31a30cf4f4df4e89feaf5753ec689fc29cbdb7805a49be24e3227d0b4861",
    "https://esm.sh/marked-gfm-heading-id@3.1.2?pin=v135": "563c02466efae1bbd92caab27f4baec984eca9e2388ff1e2c29d106238a10f69",
    "https://esm.sh/marked@11.1.1?pin=v135": "0def53dec950316c7ed501cc19d1d4e497142cde69bb912864d3d8ea0cef0835",
    "https://esm.sh/preact@10.19.2/denonext/jsx-runtime.mjs": "aa322a16b0d48602de0292c7e179c1bc6fdc9682f64790574d41365096b057bc",
    "https://esm.sh/preact@10.19.2/denonext/preact.mjs": "21041a67baec6418eab84df650925bf461355388cc901370580312bbf9fbb4bf",
    "https://esm.sh/preact@10.19.2/jsx-runtime": "69b179ea4572438447c13fcd753d3272a5da7447ebde48379faad3d8195e6d96",
    "https://esm.sh/prismjs@1.29.0?pin=v135": "67e956514925401c964a7fc1205258ac2203cbd2aa246f55be11a3109fe9b6b9",
    "https://esm.sh/sanitize-html@2.11.0?target=esnext&pin=v135": "eea4336f3640467be71b9639c54dee403347f4a2bf234b7bb540baa97e77e4a0",
    "https://esm.sh/v135/base64-js@1.5.1/esnext/base64-js.mjs": "349361f227d34ff80b673a7741ea0b509dbb6c9c89d650b86a0b55705e25c8dc",
    "https://esm.sh/v135/buffer@6.0.3/esnext/buffer.bundle.mjs": "ab5d16329391983e74b9224bf9187663b639e5bc1f4284b2676ab4c137dd6622",
    "https://esm.sh/v135/buffer@6.0.3/esnext/buffer.mjs": "f6de86b04b58a64f82d591b05fff1626ed7c8f4a9c7726c274c96abef31326c3",
    "https://esm.sh/v135/deepmerge@4.3.1/esnext/deepmerge.mjs": "426fb4ada3c99ddd720d7c28ce216d8fcb47543e3d64ead96d97b1103cc16487",
    "https://esm.sh/v135/dom-serializer@2.0.0/esnext/dom-serializer.mjs": "87460f6bde59cb3823912201b076223e5ab690c1075d071904567de591310bec",
    "https://esm.sh/v135/domelementtype@2.3.0/esnext/domelementtype.mjs": "1e4dd3222620668a50040012a6b0d1582e89e7a570826a079a11226a7929e20c",
    "https://esm.sh/v135/domhandler@5.0.3/esnext/domhandler.mjs": "2d7650d664ec100d1403cf0bb73bdcc46a2d099038ed62770c6094d7a76f6599",
    "https://esm.sh/v135/domutils@3.1.0/esnext/domutils.mjs": "c15ae7f1abe07e4b373c3078fe357db7be01d158c0a5e3a1d697914b5e42d01a",
    "https://esm.sh/v135/entities@4.5.0/esnext/entities.mjs": "d0527287d7e369214aca377e8848635d4d7709ccb80b13c16c86e6f44038cd1d",
    "https://esm.sh/v135/entities@4.5.0/esnext/lib/decode.js": "a94034fcf3b2ec6828ed2911b2f42bdeeab26f38ecc759fb1881e440c6c54b92",
    "https://esm.sh/v135/entities@4.5.0/esnext/lib/escape.js": "e966e5cd345e447920c1cb304fc34b56d24ce6fe9f031bfb55fe350b93baf58f",
    "https://esm.sh/v135/escape-string-regexp@4.0.0/esnext/escape-string-regexp.mjs": "7f00803b40f74aee2522808c0cf76057a715636dd84f4f679731b0e935cd3a56",
    "https://esm.sh/v135/github-slugger@2.0.0/denonext/github-slugger.mjs": "42ff6fe7ba4f63d8a048970e5a32cd5b0348905dde3f9e270d90e44a6e7635ae",
    "https://esm.sh/v135/he@1.2.0/denonext/he.mjs": "1ffb3a2e1892578e01267fda4b32f30dd0b4b3be7393fe239b0ea30cf1d654c7",
    "https://esm.sh/v135/htmlparser2@8.0.2/esnext/htmlparser2.mjs": "62c0657327db8a639c850b4ebdc24bb051e33d4c2fa97d87a3d542b57fbe7565",
    "https://esm.sh/v135/ieee754@1.2.1/esnext/ieee754.mjs": "697af7a0508eafc364c7ff778310afdc7e7d7187c15f5f3a3295b541785af5b4",
    "https://esm.sh/v135/is-plain-object@5.0.0/esnext/is-plain-object.mjs": "d990fb0c3e251072728088888873225a35995aedff2e3b443b5e3c33efe1be3b",
    "https://esm.sh/v135/katex@0.16.9/denonext/katex.mjs": "75be3261500b25dca3df7a2dbcd2454fe9924242f2ad348fb5f875643e39c186",
    "https://esm.sh/v135/marked-alert@2.0.1/denonext/marked-alert.mjs": "495a5cf6ed5431e3f3776a5f262e563f281dd44142b6df488f6858944c62736a",
    "https://esm.sh/v135/marked-footnote@1.2.2/denonext/marked-footnote.mjs": "9e800d0aece546ee8b1cc4c3fca995bf53eeeb7522100367846dd1c76894c73b",
    "https://esm.sh/v135/marked-gfm-heading-id@3.1.2/denonext/marked-gfm-heading-id.mjs": "8c893a1b69455065fab677237dc1ff6ad3e3d4836bfa17119f3fc0a74d9c08d9",
    "https://esm.sh/v135/marked@11.1.1/denonext/marked.mjs": "08b10c56783c83aa074cb9021742a832d2f2f52932b840b28e89e3bf21cd2d9e",
    "https://esm.sh/v135/nanoid@3.3.7/esnext/non-secure.js": "2a517102048d17d3d109b3dce2039de23da294f01a07f556cb5f9d1f7f2e90ab",
    "https://esm.sh/v135/node_events.js": "b1b65598db01a0621f65bf86948381344943c6b53828c470be4caa678d5fcfd5",
    "https://esm.sh/v135/node_process.js": "13a1bd2438678b509dd68a0006c11c50c77451c9bcdeaa25c6602236ffce247c",
    "https://esm.sh/v135/parse-srcset@1.0.2/esnext/parse-srcset.mjs": "99266fb819ffab3c5419aab0beeafbfb6e8572dac0bb33ad9a47da77af0a8224",
    "https://esm.sh/v135/picocolors@1.0.0/esnext/picocolors.mjs": "df13f83b999dcfb6c81373ff205b7ce912b8518d833754ca3b312f764d4500fb",
    "https://esm.sh/v135/picocolors@1.1.1/esnext/picocolors.mjs": "8f39d273636c59b441cebf14d1ac862f2531b3a122e1f1ec76b2d3e5f0671d83",
    "https://esm.sh/v135/postcss@8.4.31/esnext/lib/at-rule.js": "e702166ee18804e9bd62b759f3a7a9a86c4b1a6fc631673224a5999a8dbe06c5",
    "https://esm.sh/v135/postcss@8.4.31/esnext/lib/comment.js": "8dc113701c12abaf3c19eff71db56615c025cfb3b6471e1e1e5ecf4fa4f4efc3",
    "https://esm.sh/v135/postcss@8.4.31/esnext/lib/container.js": "4f418be987d4bfcd371c5fca90cd1825e8023d63e048d97fd2934d9640856e94",
    "https://esm.sh/v135/postcss@8.4.31/esnext/lib/css-syntax-error.js": "40ff558b7f587ea0b95fae2c9de8475f2aefdaad6a12ada431cc54f30e6a894d",
    "https://esm.sh/v135/postcss@8.4.31/esnext/lib/declaration.js": "e8cdf0a32fd20efb8e861af94e93e1db486b10e7286f3846254afaa6d22e3b88",
    "https://esm.sh/v135/postcss@8.4.31/esnext/lib/fromJSON.js": "4dcd4a139afe62557603bbdd18a1d2e095fc9666bc7360d727fc2a7a071063c0",
    "https://esm.sh/v135/postcss@8.4.31/esnext/lib/input.js": "58aaa6e20c4a190cd9c4ffac81f6b6dbf1d741f9331fd9902d1201217864afd5",
    "https://esm.sh/v135/postcss@8.4.31/esnext/lib/lazy-result.js": "c9fb1952c008874d2481667e323a39714deed25ca21ddef21673ca939e559570",
    "https://esm.sh/v135/postcss@8.4.31/esnext/lib/list.js": "1d1b05a9f00939b9583ca397d902ef037664575ad89672088da7962ea560325f",
    "https://esm.sh/v135/postcss@8.4.31/esnext/lib/map-generator.js": "37167897b8087e28f3d925975f80cda11925dddb5655441d3a4279b708c572cb",
    "https://esm.sh/v135/postcss@8.4.31/esnext/lib/no-work-result.js": "7b1f81dd361508956c312ccf997c976cab701d078f25ed7f044e3a62f972d5f4",
    "https://esm.sh/v135/postcss@8.4.31/esnext/lib/node.js": "4159107687c6db6a38e3593e4471c3ba42600c91e36a628d8d358952de17cd85",
    "https://esm.sh/v135/postcss@8.4.31/esnext/lib/parse.js": "b0d264edc9d551aefae5d557596b79dff542f6ebbf153399c63bdce320ad9f12",
    "https://esm.sh/v135/postcss@8.4.31/esnext/lib/parser.js": "fddee130ffd25dea8c4482802bde01fbeffea721dc395b04d9afb1672c47aea4",
    "https://esm.sh/v135/postcss@8.4.31/esnext/lib/postcss.js": "a05f0614b6ddbab8f297ed52b1d8d17c28e3d317da3820bd82330b91d31ccc48",
    "https://esm.sh/v135/postcss@8.4.31/esnext/lib/previous-map.js": "6001fc984c1449e26cc301e68692b858a078aca5fec8f752dfe8cd00c8833826",
    "https://esm.sh/v135/postcss@8.4.31/esnext/lib/processor.js": "9396b1172fd44656d570311d6865a3ce583db7d2f3a70bb6608484775014388d",
    "https://esm.sh/v135/postcss@8.4.31/esnext/lib/result.js": "2c1fcdff5bd174e6185d010f16c1921f4dd472850db3c6a389fcdd9a480dc38e",
    "https://esm.sh/v135/postcss@8.4.31/esnext/lib/root.js": "c039cd288f6aedeaae78d34e6d3d13ffe21a438e585400f5ca2c350d541a08e7",
    "https://esm.sh/v135/postcss@8.4.31/esnext/lib/rule.js": "99897094d2d82a7aacf9b6592bf4890d3cea6087b69962352277ac95da78c0f6",
    "https://esm.sh/v135/postcss@8.4.31/esnext/lib/stringifier.js": "0d1b43be645df02eae529916804b8d66bf228d934645abd29332ce285bd1357e",
    "https://esm.sh/v135/postcss@8.4.31/esnext/lib/stringify.js": "662747f477de3c4497aaf3f56924ba770331c99da88021f5e66abed26e3f432a",
    "https://esm.sh/v135/postcss@8.4.31/esnext/lib/symbols.js": "8999c66edca3d444e5b70feefd29a45656b9a768125e7249611dfd1aa417c976",
    "https://esm.sh/v135/postcss@8.4.31/esnext/lib/tokenize.js": "2bd5aa03743e074002d642d87f8571582e06bf9cbd0dfa2aea0cfb0573b7a0a7",
    "https://esm.sh/v135/postcss@8.4.31/esnext/lib/warn-once.js": "857c178c21bdf4b441a9b2ba0612e3ad0e26bf18c6571cc4641817d085d1e64a",
    "https://esm.sh/v135/postcss@8.4.31/esnext/lib/warning.js": "ec2bac028c46d239e2d0de0e252bbc224a096fe89456669e021e2efc50d57c25",
    "https://esm.sh/v135/postcss@8.4.31/esnext/postcss.mjs": "21318d6ed521ffd9353a20e0775021e99d4686ebaef0350976451de4ad8013a5",
    "https://esm.sh/v135/postcss@8.4.49/esnext/lib/at-rule.js": "799c4795284755b41f2bc72a133f452940b977005ad4f0a2fe29937e971b1bd1",
    "https://esm.sh/v135/postcss@8.4.49/esnext/lib/comment.js": "fa675471c2487981fcc477fe870689f7c682587c65fc5a35017e5eda2ac4d2e5",
    "https://esm.sh/v135/postcss@8.4.49/esnext/lib/container.js": "7b2737367f0ceb50381c732abd053884544454b37c89225c9c770b32d419b068",
    "https://esm.sh/v135/postcss@8.4.49/esnext/lib/css-syntax-error.js": "55f1338e3b9a899985c2d608ea0ab4c6264c6c8d21c5ba65779cb89952c1ab6a",
    "https://esm.sh/v135/postcss@8.4.49/esnext/lib/declaration.js": "896d26cd25cce80d644e5250ecf0fb69b136d27f6cfe889214d921a280ff2fd0",
    "https://esm.sh/v135/postcss@8.4.49/esnext/lib/fromJSON.js": "5b2af4c1f441138088bde59a8937519b616652f967e329ea9bea609a36d3e904",
    "https://esm.sh/v135/postcss@8.4.49/esnext/lib/input.js": "5928b34d51d8bc7e89f0b327fcca9684435d1be9fdd07a9c40ca81dfd20c84bc",
    "https://esm.sh/v135/postcss@8.4.49/esnext/lib/lazy-result.js": "f6dbfe97217073e2845295197d0df695fd24f57752c5e6af18db1950c3ab4674",
    "https://esm.sh/v135/postcss@8.4.49/esnext/lib/list.js": "c7d5ab0be6dde9f5487f9365a70e89fa111d46627d6c1b45efd58808e7410a2e",
    "https://esm.sh/v135/postcss@8.4.49/esnext/lib/map-generator.js": "b259f47d31c6861d749c893fa8c7cf843ee1d9f42ccfdce49382027ec5841717",
    "https://esm.sh/v135/postcss@8.4.49/esnext/lib/no-work-result.js": "d9d3f622a03eacfbd69a9dea92216457f2921a7c3235da24a3f3015bb4446841",
    "https://esm.sh/v135/postcss@8.4.49/esnext/lib/node.js": "19c1cdddf714d968ea3ac519229c21f72183c52c66a2e0c61248d49028e127e3",
    "https://esm.sh/v135/postcss@8.4.49/esnext/lib/parse.js": "fb680e8dad3c67c16e82c9940adc0f47207c51a2f0f624b8a3448037818dbab0",
    "https://esm.sh/v135/postcss@8.4.49/esnext/lib/parser.js": "97b21052f2fabcd0f43b2588ba8ec2096e106706aa2bb9a2f1a74556205f0e2b",
    "https://esm.sh/v135/postcss@8.4.49/esnext/lib/postcss.js": "963cd409d3710b749d5e334bfd614958e10376c30c8bf638d3c811f57d314023",
    "https://esm.sh/v135/postcss@8.4.49/esnext/lib/previous-map.js": "365e3d435d3cf8560740f6dfccc192688e8df6397642007a68d805b2f409e892",
    "https://esm.sh/v135/postcss@8.4.49/esnext/lib/processor.js": "466bd096d70b83601b3a22b795cfa5b5bf2c8a7b5a77b38f290119049c144ec2",
    "https://esm.sh/v135/postcss@8.4.49/esnext/lib/result.js": "e1d40a73cbe815ea1d131a686d5e7ec37ea27e71c613f19c62278c897d99afb7",
    "https://esm.sh/v135/postcss@8.4.49/esnext/lib/root.js": "cf87126681f0a184ca9511c86795660bcaf90493798bb55f3bdb56637e630b46",
    "https://esm.sh/v135/postcss@8.4.49/esnext/lib/rule.js": "521386279133c6120043d18805eee8d21dc3d0d7007350df38ee3952e67d5ec6",
    "https://esm.sh/v135/postcss@8.4.49/esnext/lib/stringifier.js": "cb32c94e94bd71acb1ef3a494c57b0d8f3eae6b44184fdd6f329aff0d2dfdddf",
    "https://esm.sh/v135/postcss@8.4.49/esnext/lib/stringify.js": "f4231c7ea86a0e659dfbb36f29ae53def400fbea73c7fe93297e8a7abfa76ade",
    "https://esm.sh/v135/postcss@8.4.49/esnext/lib/symbols.js": "3481117ab718107025d7666c16b0abff4716a2f90666ca332759d1845644bb0b",
    "https://esm.sh/v135/postcss@8.4.49/esnext/lib/tokenize.js": "38e7a4d890eb80c2478e089f913dd45958535d4716705b8ee995cf477c7f903a",
    "https://esm.sh/v135/postcss@8.4.49/esnext/lib/warn-once.js": "68e43ee4c20022d0001b2634cde621bba641530f7bc90e11126c3e3d45ede230",
    "https://esm.sh/v135/postcss@8.4.49/esnext/lib/warning.js": "a524a0597538b37258b18f983f0c3526232366ec15116c9afdfe6df80c8be65e",
    "https://esm.sh/v135/postcss@8.4.49/esnext/postcss.mjs": "f53f79964db1e7c87e7f573365cf0ef7fbc95f1bea53f59a94026e6e73c69675",
    "https://esm.sh/v135/prismjs@1.29.0/denonext/prismjs.mjs": "0ccddfab01b35eb5fd1e32ee2230809343dfec5bab2ec50039aee88c5ec1e3e7",
    "https://esm.sh/v135/sanitize-html@2.11.0/esnext/sanitize-html.mjs": "e4ebe6808f164fa3fd319571a0f9c7f179d4c9f346cbd38512394315589e2a63"
  },
  "workspace": {
    "dependencies": [
      "jsr:@fresh/core@^2.1.2",
      "jsr:@fresh/plugin-tailwind@1",
      "npm:@preact/signals@^2.3.2",
      "npm:preact@^10.27.2",
      "npm:tailwindcss@4.1.14"
    ]
  }
}
